
Microsoft Visual Studio Solution File, Format Version 12.00
# Visual Studio Version 17
VisualStudioVersion = 17.6.33801.468
MinimumVisualStudioVersion = 10.0.40219.1
Project("{FAE04EC0-301F-11D3-BF4B-00C04F79EFBC}") = "CascadingDropdownBind", "CascadingDropdownBind\CascadingDropdownBind.csproj", "{4F701C53-A57D-411B-9419-702AB275D60F}"
EndProject
Global
	GlobalSection(SolutionConfigurationPlatforms) = preSolution
		Debug|Any CPU = Debug|Any CPU
		Release|Any CPU = Release|Any CPU
	EndGlobalSection
	GlobalSection(ProjectConfigurationPlatforms) = postSolution
		{4F701C53-A57D-411B-9419-702AB275D60F}.Debug|Any CPU.ActiveCfg = Debug|Any CPU
		{4F701C53-A57D-411B-9419-702AB275D60F}.Debug|Any CPU.Build.0 = Debug|Any CPU
		{4F701C53-A57D-411B-9419-702AB275D60F}.Release|Any CPU.ActiveCfg = Release|Any CPU
		{4F701C53-A57D-411B-9419-702AB275D60F}.Release|Any CPU.Build.0 = Release|Any CPU
	EndGlobalSection
	GlobalSection(SolutionProperties) = preSolution
		HideSolutionNode = FALSE
	EndGlobalSection
	GlobalSection(ExtensibilityGlobals) = postSolution
		SolutionGuid = {A47A8C1B-5E76-4B04-84E6-9BBB47E026FB}
	EndGlobalSection
EndGlobal
